// !$*UTF8*$!
{
	archiveVersion = 1;
	classes = {
	};
	objectVersion = 46;
	objects = {

/* Begin PBXBuildFile section */
		25B4BEC91DED1C2A001B70C0 /* main.m in Sources */ = {isa = PBXBuildFile; fileRef = 25B4BEC81DED1C2A001B70C0 /* main.m */; };
		25B4BECC1DED1C2A001B70C0 /* AppDelegate.m in Sources */ = {isa = PBXBuildFile; fileRef = 25B4BECB1DED1C2A001B70C0 /* AppDelegate.m */; };
		25B4BECF1DED1C2A001B70C0 /* ViewController.m in Sources */ = {isa = PBXBuildFile; fileRef = 25B4BECE1DED1C2A001B70C0 /* ViewController.m */; };
		25B4BED21DED1C2A001B70C0 /* Main.storyboard in Resources */ = {isa = PBXBuildFile; fileRef = 25B4BED01DED1C2A001B70C0 /* Main.storyboard */; };
		25B4BED41DED1C2A001B70C0 /* Assets.xcassets in Resources */ = {isa = PBXBuildFile; fileRef = 25B4BED31DED1C2A001B70C0 /* Assets.xcassets */; };
		25B4BED71DED1C2A001B70C0 /* LaunchScreen.storyboard in Resources */ = {isa = PBXBuildFile; fileRef = 25B4BED51DED1C2A001B70C0 /* LaunchScreen.storyboard */; };
		25B4BEE21DED1C2A001B70C0 /* MJCDropdownMenuDemoTests.m in Sources */ = {isa = PBXBuildFile; fileRef = 25B4BEE11DED1C2A001B70C0 /* MJCDropdownMenuDemoTests.m */; };
		25B4BEED1DED1C2A001B70C0 /* MJCDropdownMenuDemoUITests.m in Sources */ = {isa = PBXBuildFile; fileRef = 25B4BEEC1DED1C2A001B70C0 /* MJCDropdownMenuDemoUITests.m */; };
		25B4BF061DED1D87001B70C0 /* popover_background@2x.png in Resources */ = {isa = PBXBuildFile; fileRef = 25B4BEFC1DED1D87001B70C0 /* popover_background@2x.png */; };
		25B4BF071DED1D87001B70C0 /* popover_background_left@2x.png in Resources */ = {isa = PBXBuildFile; fileRef = 25B4BEFD1DED1D87001B70C0 /* popover_background_left@2x.png */; };
		25B4BF081DED1D87001B70C0 /* popover_background_right@2x.png in Resources */ = {isa = PBXBuildFile; fileRef = 25B4BEFE1DED1D87001B70C0 /* popover_background_right@2x.png */; };
		25B4BF091DED1D87001B70C0 /* MJCDropdownMenu1.m in Sources */ = {isa = PBXBuildFile; fileRef = 25B4BF001DED1D87001B70C0 /* MJCDropdownMenu1.m */; };
		25B4BF0A1DED1D87001B70C0 /* MJCDropdownView.m in Sources */ = {isa = PBXBuildFile; fileRef = 25B4BF021DED1D87001B70C0 /* MJCDropdownView.m */; };
		25B4BF0B1DED1D87001B70C0 /* UIView+MJCExtenSion.m in Sources */ = {isa = PBXBuildFile; fileRef = 25B4BF051DED1D87001B70C0 /* UIView+MJCExtenSion.m */; };
/* End PBXBuildFile section */

/* Begin PBXContainerItemProxy section */
		25B4BEDE1DED1C2A001B70C0 /* PBXContainerItemProxy */ = {
			isa = PBXContainerItemProxy;
			containerPortal = 25B4BEBC1DED1C2A001B70C0 /* Project object */;
			proxyType = 1;
			remoteGlobalIDString = 25B4BEC31DED1C2A001B70C0;
			remoteInfo = MJCDropdownMenuDemo;
		};
		25B4BEE91DED1C2A001B70C0 /* PBXContainerItemProxy */ = {
			isa = PBXContainerItemProxy;
			containerPortal = 25B4BEBC1DED1C2A001B70C0 /* Project object */;
			proxyType = 1;
			remoteGlobalIDString = 25B4BEC31DED1C2A001B70C0;
			remoteInfo = MJCDropdownMenuDemo;
		};
/* End PBXContainerItemProxy section */

/* Begin PBXFileReference section */
		25B4BEC41DED1C2A001B70C0 /* MJCDropdownMenuDemo.app */ = {isa = PBXFileReference; explicitFileType = wrapper.application; includeInIndex = 0; path = MJCDropdownMenuDemo.app; sourceTree = BUILT_PRODUCTS_DIR; };
		25B4BEC81DED1C2A001B70C0 /* main.m */ = {isa = PBXFileReference; lastKnownFileType = sourcecode.c.objc; path = main.m; sourceTree = "<group>"; };
		25B4BECA1DED1C2A001B70C0 /* AppDelegate.h */ = {isa = PBXFileReference; lastKnownFileType = sourcecode.c.h; path = AppDelegate.h; sourceTree = "<group>"; };
		25B4BECB1DED1C2A001B70C0 /* AppDelegate.m */ = {isa = PBXFileReference; lastKnownFileType = sourcecode.c.objc; path = AppDelegate.m; sourceTree = "<group>"; };
		25B4BECD1DED1C2A001B70C0 /* ViewController.h */ = {isa = PBXFileReference; lastKnownFileType = sourcecode.c.h; path = ViewController.h; sourceTree = "<group>"; };
		25B4BECE1DED1C2A001B70C0 /* ViewController.m */ = {isa = PBXFileReference; lastKnownFileType = sourcecode.c.objc; path = ViewController.m; sourceTree = "<group>"; };
		25B4BED11DED1C2A001B70C0 /* Base */ = {isa = PBXFileReference; lastKnownFileType = file.storyboard; name = Base; path = Base.lproj/Main.storyboard; sourceTree = "<group>"; };
		25B4BED31DED1C2A001B70C0 /* Assets.xcassets */ = {isa = PBXFileReference; lastKnownFileType = folder.assetcatalog; path = Assets.xcassets; sourceTree = "<group>"; };
		25B4BED61DED1C2A001B70C0 /* Base */ = {isa = PBXFileReference; lastKnownFileType = file.storyboard; name = Base; path = Base.lproj/LaunchScreen.storyboard; sourceTree = "<group>"; };
		25B4BED81DED1C2A001B70C0 /* Info.plist */ = {isa = PBXFileReference; lastKnownFileType = text.plist.xml; path = Info.plist; sourceTree = "<group>"; };
		25B4BEDD1DED1C2A001B70C0 /* MJCDropdownMenuDemoTests.xctest */ = {isa = PBXFileReference; explicitFileType = wrapper.cfbundle; includeInIndex = 0; path = MJCDropdownMenuDemoTests.xctest; sourceTree = BUILT_PRODUCTS_DIR; };
		25B4BEE11DED1C2A001B70C0 /* MJCDropdownMenuDemoTests.m */ = {isa = PBXFileReference; lastKnownFileType = sourcecode.c.objc; path = MJCDropdownMenuDemoTests.m; sourceTree = "<group>"; };
		25B4BEE31DED1C2A001B70C0 /* Info.plist */ = {isa = PBXFileReference; lastKnownFileType = text.plist.xml; path = Info.plist; sourceTree = "<group>"; };
		25B4BEE81DED1C2A001B70C0 /* MJCDropdownMenuDemoUITests.xctest */ = {isa = PBXFileReference; explicitFileType = wrapper.cfbundle; includeInIndex = 0; path = MJCDropdownMenuDemoUITests.xctest; sourceTree = BUILT_PRODUCTS_DIR; };
		25B4BEEC1DED1C2A001B70C0 /* MJCDropdownMenuDemoUITests.m */ = {isa = PBXFileReference; lastKnownFileType = sourcecode.c.objc; path = MJCDropdownMenuDemoUITests.m; sourceTree = "<group>"; };
		25B4BEEE1DED1C2A001B70C0 /* Info.plist */ = {isa = PBXFileReference; lastKnownFileType = text.plist.xml; path = Info.plist; sourceTree = "<group>"; };
		25B4BEFC1DED1D87001B70C0 /* popover_background@2x.png */ = {isa = PBXFileReference; lastKnownFileType = image.png; path = "popover_background@2x.png"; sourceTree = "<group>"; };
		25B4BEFD1DED1D87001B70C0 /* popover_background_left@2x.png */ = {isa = PBXFileReference; lastKnownFileType = image.png; path = "popover_background_left@2x.png"; sourceTree = "<group>"; };
		25B4BEFE1DED1D87001B70C0 /* popover_background_right@2x.png */ = {isa = PBXFileReference; lastKnownFileType = image.png; path = "popover_background_right@2x.png"; sourceTree = "<group>"; };
		25B4BEFF1DED1D87001B70C0 /* MJCDropdownMenu1.h */ = {isa = PBXFileReference; fileEncoding = 4; lastKnownFileType = sourcecode.c.h; path = MJCDropdownMenu1.h; sourceTree = "<group>"; };
		25B4BF001DED1D87001B70C0 /* MJCDropdownMenu1.m */ = {isa = PBXFileReference; fileEncoding = 4; lastKnownFileType = sourcecode.c.objc; path = MJCDropdownMenu1.m; sourceTree = "<group>"; };
		25B4BF011DED1D87001B70C0 /* MJCDropdownView.h */ = {isa = PBXFileReference; fileEncoding = 4; lastKnownFileType = sourcecode.c.h; path = MJCDropdownView.h; sourceTree = "<group>"; };
		25B4BF021DED1D87001B70C0 /* MJCDropdownView.m */ = {isa = PBXFileReference; fileEncoding = 4; lastKnownFileType = sourcecode.c.objc; path = MJCDropdownView.m; sourceTree = "<group>"; };
		25B4BF041DED1D87001B70C0 /* UIView+MJCExtenSion.h */ = {isa = PBXFileReference; fileEncoding = 4; lastKnownFileType = sourcecode.c.h; path = "UIView+MJCExtenSion.h"; sourceTree = "<group>"; };
		25B4BF051DED1D87001B70C0 /* UIView+MJCExtenSion.m */ = {isa = PBXFileReference; fileEncoding = 4; lastKnownFileType = sourcecode.c.objc; path = "UIView+MJCExtenSion.m"; sourceTree = "<group>"; };
/* End PBXFileReference section */

/* Begin PBXFrameworksBuildPhase section */
		25B4BEC11DED1C2A001B70C0 /* Frameworks */ = {
			isa = PBXFrameworksBuildPhase;
			buildActionMask = 2147483647;
			files = (
			);
			runOnlyForDeploymentPostprocessing = 0;
		};
		25B4BEDA1DED1C2A001B70C0 /* Frameworks */ = {
			isa = PBXFrameworksBuildPhase;
			buildActionMask = 2147483647;
			files = (
			);
			runOnlyForDeploymentPostprocessing = 0;
		};
		25B4BEE51DED1C2A001B70C0 /* Frameworks */ = {
			isa = PBXFrameworksBuildPhase;
			buildActionMask = 2147483647;
			files = (
			);
			runOnlyForDeploymentPostprocessing = 0;
		};
/* End PBXFrameworksBuildPhase section */

/* Begin PBXGroup section */
		25B4BEBB1DED1C2A001B70C0 = {
			isa = PBXGroup;
			children = (
				25B4BEC61DED1C2A001B70C0 /* MJCDropdownMenuDemo */,
				25B4BEE01DED1C2A001B70C0 /* MJCDropdownMenuDemoTests */,
				25B4BEEB1DED1C2A001B70C0 /* MJCDropdownMenuDemoUITests */,
				25B4BEC51DED1C2A001B70C0 /* Products */,
			);
			sourceTree = "<group>";
		};
		25B4BEC51DED1C2A001B70C0 /* Products */ = {
			isa = PBXGroup;
			children = (
				25B4BEC41DED1C2A001B70C0 /* MJCDropdownMenuDemo.app */,
				25B4BEDD1DED1C2A001B70C0 /* MJCDropdownMenuDemoTests.xctest */,
				25B4BEE81DED1C2A001B70C0 /* MJCDropdownMenuDemoUITests.xctest */,
			);
			name = Products;
			sourceTree = "<group>";
		};
		25B4BEC61DED1C2A001B70C0 /* MJCDropdownMenuDemo */ = {
			isa = PBXGroup;
			children = (
				25B4BEFA1DED1D87001B70C0 /* MJCDropdownMenu */,
				25B4BECA1DED1C2A001B70C0 /* AppDelegate.h */,
				25B4BECB1DED1C2A001B70C0 /* AppDelegate.m */,
				25B4BECD1DED1C2A001B70C0 /* ViewController.h */,
				25B4BECE1DED1C2A001B70C0 /* ViewController.m */,
				25B4BEC71DED1C2A001B70C0 /* Supporting Files */,
			);
			path = MJCDropdownMenuDemo;
			sourceTree = "<group>";
		};
		25B4BEC71DED1C2A001B70C0 /* Supporting Files */ = {
			isa = PBXGroup;
			children = (
				25B4BED01DED1C2A001B70C0 /* Main.storyboard */,
				25B4BED31DED1C2A001B70C0 /* Assets.xcassets */,
				25B4BED51DED1C2A001B70C0 /* LaunchScreen.storyboard */,
				25B4BED81DED1C2A001B70C0 /* Info.plist */,
				25B4BEC81DED1C2A001B70C0 /* main.m */,
			);
			name = "Supporting Files";
			sourceTree = "<group>";
		};
		25B4BEE01DED1C2A001B70C0 /* MJCDropdownMenuDemoTests */ = {
			isa = PBXGroup;
			children = (
				25B4BEE11DED1C2A001B70C0 /* MJCDropdownMenuDemoTests.m */,
				25B4BEE31DED1C2A001B70C0 /* Info.plist */,
			);
			path = MJCDropdownMenuDemoTests;
			sourceTree = "<group>";
		};
		25B4BEEB1DED1C2A001B70C0 /* MJCDropdownMenuDemoUITests */ = {
			isa = PBXGroup;
			children = (
				25B4BEEC1DED1C2A001B70C0 /* MJCDropdownMenuDemoUITests.m */,
				25B4BEEE1DED1C2A001B70C0 /* Info.plist */,
			);
			path = MJCDropdownMenuDemoUITests;
			sourceTree = "<group>";
		};
		25B4BEFA1DED1D87001B70C0 /* MJCDropdownMenu */ = {
			isa = PBXGroup;
			children = (
				25B4BEFB1DED1D87001B70C0 /* image */,
				25B4BEFF1DED1D87001B70C0 /* MJCDropdownMenu1.h */,
				25B4BF001DED1D87001B70C0 /* MJCDropdownMenu1.m */,
				25B4BF011DED1D87001B70C0 /* MJCDropdownView.h */,
				25B4BF021DED1D87001B70C0 /* MJCDropdownView.m */,
				25B4BF031DED1D87001B70C0 /* 设置尺寸 */,
			);
			path = MJCDropdownMenu;
			sourceTree = "<group>";
		};
		25B4BEFB1DED1D87001B70C0 /* image */ = {
			isa = PBXGroup;
			children = (
				25B4BEFC1DED1D87001B70C0 /* popover_background@2x.png */,
				25B4BEFD1DED1D87001B70C0 /* popover_background_left@2x.png */,
				25B4BEFE1DED1D87001B70C0 /* popover_background_right@2x.png */,
			);
			path = image;
			sourceTree = "<group>";
		};
		25B4BF031DED1D87001B70C0 /* 设置尺寸 */ = {
			isa = PBXGroup;
			children = (
				25B4BF041DED1D87001B70C0 /* UIView+MJCExtenSion.h */,
				25B4BF051DED1D87001B70C0 /* UIView+MJCExtenSion.m */,
			);
			path = "设置尺寸";
			sourceTree = "<group>";
		};
/* End PBXGroup section */

/* Begin PBXNativeTarget section */
		25B4BEC31DED1C2A001B70C0 /* MJCDropdownMenuDemo */ = {
			isa = PBXNativeTarget;
			buildConfigurationList = 25B4BEF11DED1C2A001B70C0 /* Build configuration list for PBXNativeTarget "MJCDropdownMenuDemo" */;
			buildPhases = (
				25B4BEC01DED1C2A001B70C0 /* Sources */,
				25B4BEC11DED1C2A001B70C0 /* Frameworks */,
				25B4BEC21DED1C2A001B70C0 /* Resources */,
			);
			buildRules = (
			);
			dependencies = (
			);
			name = MJCDropdownMenuDemo;
			productName = MJCDropdownMenuDemo;
			productReference = 25B4BEC41DED1C2A001B70C0 /* MJCDropdownMenuDemo.app */;
			productType = "com.apple.product-type.application";
		};
		25B4BEDC1DED1C2A001B70C0 /* MJCDropdownMenuDemoTests */ = {
			isa = PBXNativeTarget;
			buildConfigurationList = 25B4BEF41DED1C2A001B70C0 /* Build configuration list for PBXNativeTarget "MJCDropdownMenuDemoTests" */;
			buildPhases = (
				25B4BED91DED1C2A001B70C0 /* Sources */,
				25B4BEDA1DED1C2A001B70C0 /* Frameworks */,
				25B4BEDB1DED1C2A001B70C0 /* Resources */,
			);
			buildRules = (
			);
			dependencies = (
				25B4BEDF1DED1C2A001B70C0 /* PBXTargetDependency */,
			);
			name = MJCDropdownMenuDemoTests;
			productName = MJCDropdownMenuDemoTests;
			productReference = 25B4BEDD1DED1C2A001B70C0 /* MJCDropdownMenuDemoTests.xctest */;
			productType = "com.apple.product-type.bundle.unit-test";
		};
		25B4BEE71DED1C2A001B70C0 /* MJCDropdownMenuDemoUITests */ = {
			isa = PBXNativeTarget;
			buildConfigurationList = 25B4BEF71DED1C2A001B70C0 /* Build configuration list for PBXNativeTarget "MJCDropdownMenuDemoUITests" */;
			buildPhases = (
				25B4BEE41DED1C2A001B70C0 /* Sources */,
				25B4BEE51DED1C2A001B70C0 /* Frameworks */,
				25B4BEE61DED1C2A001B70C0 /* Resources */,
			);
			buildRules = (
			);
			dependencies = (
				25B4BEEA1DED1C2A001B70C0 /* PBXTargetDependency */,
			);
			name = MJCDropdownMenuDemoUITests;
			productName = MJCDropdownMenuDemoUITests;
			productReference = 25B4BEE81DED1C2A001B70C0 /* MJCDropdownMenuDemoUITests.xctest */;
			productType = "com.apple.product-type.bundle.ui-testing";
		};
/* End PBXNativeTarget section */

/* Begin PBXProject section */
		25B4BEBC1DED1C2A001B70C0 /* Project object */ = {
			isa = PBXProject;
			attributes = {
				LastUpgradeCheck = 0800;
				ORGANIZATIONNAME = MJC;
				TargetAttributes = {
					25B4BEC31DED1C2A001B70C0 = {
						CreatedOnToolsVersion = 8.0;
						ProvisioningStyle = Automatic;
					};
					25B4BEDC1DED1C2A001B70C0 = {
						CreatedOnToolsVersion = 8.0;
						ProvisioningStyle = Automatic;
						TestTargetID = 25B4BEC31DED1C2A001B70C0;
					};
					25B4BEE71DED1C2A001B70C0 = {
						CreatedOnToolsVersion = 8.0;
						ProvisioningStyle = Automatic;
						TestTargetID = 25B4BEC31DED1C2A001B70C0;
					};
				};
			};
			buildConfigurationList = 25B4BEBF1DED1C2A001B70C0 /* Build configuration list for PBXProject "MJCDropdownMenuDemo" */;
			compatibilityVersion = "Xcode 3.2";
			developmentRegion = English;
			hasScannedForEncodings = 0;
			knownRegions = (
				en,
				Base,
			);
			mainGroup = 25B4BEBB1DED1C2A001B70C0;
			productRefGroup = 25B4BEC51DED1C2A001B70C0 /* Products */;
			projectDirPath = "";
			projectRoot = "";
			targets = (
				25B4BEC31DED1C2A001B70C0 /* MJCDropdownMenuDemo */,
				25B4BEDC1DED1C2A001B70C0 /* MJCDropdownMenuDemoTests */,
				25B4BEE71DED1C2A001B70C0 /* MJCDropdownMenuDemoUITests */,
			);
		};
/* End PBXProject section */

/* Begin PBXResourcesBuildPhase section */
		25B4BEC21DED1C2A001B70C0 /* Resources */ = {
			isa = PBXResourcesBuildPhase;
			buildActionMask = 2147483647;
			files = (
				25B4BF071DED1D87001B70C0 /* popover_background_left@2x.png in Resources */,
				25B4BF061DED1D87001B70C0 /* popover_background@2x.png in Resources */,
				25B4BED71DED1C2A001B70C0 /* LaunchScreen.storyboard in Resources */,
				25B4BF081DED1D87001B70C0 /* popover_background_right@2x.png in Resources */,
				25B4BED41DED1C2A001B70C0 /* Assets.xcassets in Resources */,
				25B4BED21DED1C2A001B70C0 /* Main.storyboard in Resources */,
			);
			runOnlyForDeploymentPostprocessing = 0;
		};
		25B4BEDB1DED1C2A001B70C0 /* Resources */ = {
			isa = PBXResourcesBuildPhase;
			buildActionMask = 2147483647;
			files = (
			);
			runOnlyForDeploymentPostprocessing = 0;
		};
		25B4BEE61DED1C2A001B70C0 /* Resources */ = {
			isa = PBXResourcesBuildPhase;
			buildActionMask = 2147483647;
			files = (
			);
			runOnlyForDeploymentPostprocessing = 0;
		};
/* End PBXResourcesBuildPhase section */

/* Begin PBXSourcesBuildPhase section */
		25B4BEC01DED1C2A001B70C0 /* Sources */ = {
			isa = PBXSourcesBuildPhase;
			buildActionMask = 2147483647;
			files = (
				25B4BF0A1DED1D87001B70C0 /* MJCDropdownView.m in Sources */,
				25B4BECF1DED1C2A001B70C0 /* ViewController.m in Sources */,
				25B4BECC1DED1C2A001B70C0 /* AppDelegate.m in Sources */,
				25B4BF0B1DED1D87001B70C0 /* UIView+MJCExtenSion.m in Sources */,
				25B4BF091DED1D87001B70C0 /* MJCDropdownMenu1.m in Sources */,
				25B4BEC91DED1C2A001B70C0 /* main.m in Sources */,
			);
			runOnlyForDeploymentPostprocessing = 0;
		};
		25B4BED91DED1C2A001B70C0 /* Sources */ = {
			isa = PBXSourcesBuildPhase;
			buildActionMask = 2147483647;
			files = (
				25B4BEE21DED1C2A001B70C0 /* MJCDropdownMenuDemoTests.m in Sources */,
			);
			runOnlyForDeploymentPostprocessing = 0;
		};
		25B4BEE41DED1C2A001B70C0 /* Sources */ = {
			isa = PBXSourcesBuildPhase;
			buildActionMask = 2147483647;
			files = (
				25B4BEED1DED1C2A001B70C0 /* MJCDropdownMenuDemoUITests.m in Sources */,
			);
			runOnlyForDeploymentPostprocessing = 0;
		};
/* End PBXSourcesBuildPhase section */

/* Begin PBXTargetDependency section */
		25B4BEDF1DED1C2A001B70C0 /* PBXTargetDependency */ = {
			isa = PBXTargetDependency;
			target = 25B4BEC31DED1C2A001B70C0 /* MJCDropdownMenuDemo */;
			targetProxy = 25B4BEDE1DED1C2A001B70C0 /* PBXContainerItemProxy */;
		};
		25B4BEEA1DED1C2A001B70C0 /* PBXTargetDependency */ = {
			isa = PBXTargetDependency;
			target = 25B4BEC31DED1C2A001B70C0 /* MJCDropdownMenuDemo */;
			targetProxy = 25B4BEE91DED1C2A001B70C0 /* PBXContainerItemProxy */;
		};
/* End PBXTargetDependency section */

/* Begin PBXVariantGroup section */
		25B4BED01DED1C2A001B70C0 /* Main.storyboard */ = {
			isa = PBXVariantGroup;
			children = (
				25B4BED11DED1C2A001B70C0 /* Base */,
			);
			name = Main.storyboard;
			sourceTree = "<group>";
		};
		25B4BED51DED1C2A001B70C0 /* LaunchScreen.storyboard */ = {
			isa = PBXVariantGroup;
			children = (
				25B4BED61DED1C2A001B70C0 /* Base */,
			);
			name = LaunchScreen.storyboard;
			sourceTree = "<group>";
		};
/* End PBXVariantGroup section */

/* Begin XCBuildConfiguration section */
		25B4BEEF1DED1C2A001B70C0 /* Debug */ = {
			isa = XCBuildConfiguration;
			buildSettings = {
				ALWAYS_SEARCH_USER_PATHS = NO;
				CLANG_ANALYZER_NONNULL = YES;
				CLANG_CXX_LANGUAGE_STANDARD = "gnu++0x";
				CLANG_CXX_LIBRARY = "libc++";
				CLANG_ENABLE_MODULES = YES;
				CLANG_ENABLE_OBJC_ARC = YES;
				CLANG_WARN_BOOL_CONVERSION = YES;
				CLANG_WARN_CONSTANT_CONVERSION = YES;
				CLANG_WARN_DIRECT_OBJC_ISA_USAGE = YES_ERROR;
				CLANG_WARN_DOCUMENTATION_COMMENTS = YES;
				CLANG_WARN_EMPTY_BODY = YES;
				CLANG_WARN_ENUM_CONVERSION = YES;
				CLANG_WARN_INFINITE_RECURSION = YES;
				CLANG_WARN_INT_CONVERSION = YES;
				CLANG_WARN_OBJC_ROOT_CLASS = YES_ERROR;
				CLANG_WARN_SUSPICIOUS_MOVES = YES;
				CLANG_WARN_UNREACHABLE_CODE = YES;
				CLANG_WARN__DUPLICATE_METHOD_MATCH = YES;
				"CODE_SIGN_IDENTITY[sdk=iphoneos*]" = "iPhone Developer";
				COPY_PHASE_STRIP = NO;
				DEBUG_INFORMATION_FORMAT = dwarf;
				ENABLE_STRICT_OBJC_MSGSEND = YES;
				ENABLE_TESTABILITY = YES;
				GCC_C_LANGUAGE_STANDARD = gnu99;
				GCC_DYNAMIC_NO_PIC = NO;
				GCC_NO_COMMON_BLOCKS = YES;
				GCC_OPTIMIZATION_LEVEL = 0;
				GCC_PREPROCESSOR_DEFINITIONS = (
					"DEBUG=1",
					"$(inherited)",
				);
				GCC_WARN_64_TO_32_BIT_CONVERSION = YES;
				GCC_WARN_ABOUT_RETURN_TYPE = YES_ERROR;
				GCC_WARN_UNDECLARED_SELECTOR = YES;
				GCC_WARN_UNINITIALIZED_AUTOS = YES_AGGRESSIVE;
				GCC_WARN_UNUSED_FUNCTION = YES;
				GCC_WARN_UNUSED_VARIABLE = YES;
				IPHONEOS_DEPLOYMENT_TARGET = 10.0;
				MTL_ENABLE_DEBUG_INFO = YES;
				ONLY_ACTIVE_ARCH = YES;
				SDKROOT = iphoneos;
			};
			name = Debug;
		};
		25B4BEF01DED1C2A001B70C0 /* Release */ = {
			isa = XCBuildConfiguration;
			buildSettings = {
				ALWAYS_SEARCH_USER_PATHS = NO;
				CLANG_ANALYZER_NONNULL = YES;
				CLANG_CXX_LANGUAGE_STANDARD = "gnu++0x";
				CLANG_CXX_LIBRARY = "libc++";
				CLANG_ENABLE_MODULES = YES;
				CLANG_ENABLE_OBJC_ARC = YES;
				CLANG_WARN_BOOL_CONVERSION = YES;
				CLANG_WARN_CONSTANT_CONVERSION = YES;
				CLANG_WARN_DIRECT_OBJC_ISA_USAGE = YES_ERROR;
				CLANG_WARN_DOCUMENTATION_COMMENTS = YES;
				CLANG_WARN_EMPTY_BODY = YES;
				CLANG_WARN_ENUM_CONVERSION = YES;
				CLANG_WARN_INFINITE_RECURSION = YES;
				CLANG_WARN_INT_CONVERSION = YES;
				CLANG_WARN_OBJC_ROOT_CLASS = YES_ERROR;
				CLANG_WARN_SUSPICIOUS_MOVES = YES;
				CLANG_WARN_UNREACHABLE_CODE = YES;
				CLANG_WARN__DUPLICATE_METHOD_MATCH = YES;
				"CODE_SIGN_IDENTITY[sdk=iphoneos*]" = "iPhone Developer";
				COPY_PHASE_STRIP = NO;
				DEBUG_INFORMATION_FORMAT = "dwarf-with-dsym";
				ENABLE_NS_ASSERTIONS = NO;
				ENABLE_STRICT_OBJC_MSGSEND = YES;
				GCC_C_LANGUAGE_STANDARD = gnu99;
				GCC_NO_COMMON_BLOCKS = YES;
				GCC_WARN_64_TO_32_BIT_CONVERSION = YES;
				GCC_WARN_ABOUT_RETURN_TYPE = YES_ERROR;
				GCC_WARN_UNDECLARED_SELECTOR = YES;
				GCC_WARN_UNINITIALIZED_AUTOS = YES_AGGRESSIVE;
				GCC_WARN_UNUSED_FUNCTION = YES;
				GCC_WARN_UNUSED_VARIABLE = YES;
				IPHONEOS_DEPLOYMENT_TARGET = 10.0;
				MTL_ENABLE_DEBUG_INFO = NO;
				SDKROOT = iphoneos;
				VALIDATE_PRODUCT = YES;
			};
			name = Release;
		};
		25B4BEF21DED1C2A001B70C0 /* Debug */ = {
			isa = XCBuildConfiguration;
			buildSettings = {
				ASSETCATALOG_COMPILER_APPICON_NAME = AppIcon;
				INFOPLIST_FILE = MJCDropdownMenuDemo/Info.plist;
				LD_RUNPATH_SEARCH_PATHS = "$(inherited) @executable_path/Frameworks";
				PRODUCT_BUNDLE_IDENTIFIER = cn.MJC.MJCDropdownMenuDemo;
				PRODUCT_NAME = "$(TARGET_NAME)";
			};
			name = Debug;
		};
		25B4BEF31DED1C2A001B70C0 /* Release */ = {
			isa = XCBuildConfiguration;
			buildSettings = {
				ASSETCATALOG_COMPILER_APPICON_NAME = AppIcon;
				INFOPLIST_FILE = MJCDropdownMenuDemo/Info.plist;
				LD_RUNPATH_SEARCH_PATHS = "$(inherited) @executable_path/Frameworks";
				PRODUCT_BUNDLE_IDENTIFIER = cn.MJC.MJCDropdownMenuDemo;
				PRODUCT_NAME = "$(TARGET_NAME)";
			};
			name = Release;
		};
		25B4BEF51DED1C2A001B70C0 /* Debug */ = {
			isa = XCBuildConfiguration;
			buildSettings = {
				BUNDLE_LOADER = "$(TEST_HOST)";
				INFOPLIST_FILE = MJCDropdownMenuDemoTests/Info.plist;
				LD_RUNPATH_SEARCH_PATHS = "$(inherited) @executable_path/Frameworks @loader_path/Frameworks";
				PRODUCT_BUNDLE_IDENTIFIER = cn.MJC.MJCDropdownMenuDemoTests;
				PRODUCT_NAME = "$(TARGET_NAME)";
				TEST_HOST = "$(BUILT_PRODUCTS_DIR)/MJCDropdownMenuDemo.app/MJCDropdownMenuDemo";
			};
			name = Debug;
		};
		25B4BEF61DED1C2A001B70C0 /* Release */ = {
			isa = XCBuildConfiguration;
			buildSettings = {
				BUNDLE_LOADER = "$(TEST_HOST)";
				INFOPLIST_FILE = MJCDropdownMenuDemoTests/Info.plist;
				LD_RUNPATH_SEARCH_PATHS = "$(inherited) @executable_path/Frameworks @loader_path/Frameworks";
				PRODUCT_BUNDLE_IDENTIFIER = cn.MJC.MJCDropdownMenuDemoTests;
				PRODUCT_NAME = "$(TARGET_NAME)";
				TEST_HOST = "$(BUILT_PRODUCTS_DIR)/MJCDropdownMenuDemo.app/MJCDropdownMenuDemo";
			};
			name = Release;
		};
		25B4BEF81DED1C2A001B70C0 /* Debug */ = {
			isa = XCBuildConfiguration;
			buildSettings = {
				INFOPLIST_FILE = MJCDropdownMenuDemoUITests/Info.plist;
				LD_RUNPATH_SEARCH_PATHS = "$(inherited) @executable_path/Frameworks @loader_path/Frameworks";
				PRODUCT_BUNDLE_IDENTIFIER = cn.MJC.MJCDropdownMenuDemoUITests;
				PRODUCT_NAME = "$(TARGET_NAME)";
				TEST_TARGET_NAME = MJCDropdownMenuDemo;
			};
			name = Debug;
		};
		25B4BEF91DED1C2A001B70C0 /* Release */ = {
			isa = XCBuildConfiguration;
			buildSettings = {
				INFOPLIST_FILE = MJCDropdownMenuDemoUITests/Info.plist;
				LD_RUNPATH_SEARCH_PATHS = "$(inherited) @executable_path/Frameworks @loader_path/Frameworks";
				PRODUCT_BUNDLE_IDENTIFIER = cn.MJC.MJCDropdownMenuDemoUITests;
				PRODUCT_NAME = "$(TARGET_NAME)";
				TEST_TARGET_NAME = MJCDropdownMenuDemo;
			};
			name = Release;
		};
/* End XCBuildConfiguration section */

/* Begin XCConfigurationList section */
		25B4BEBF1DED1C2A001B70C0 /* Build configuration list for PBXProject "MJCDropdownMenuDemo" */ = {
			isa = XCConfigurationList;
			buildConfigurations = (
				25B4BEEF1DED1C2A001B70C0 /* Debug */,
				25B4BEF01DED1C2A001B70C0 /* Release */,
			);
			defaultConfigurationIsVisible = 0;
			defaultConfigurationName = Release;
		};
		25B4BEF11DED1C2A001B70C0 /* Build configuration list for PBXNativeTarget "MJCDropdownMenuDemo" */ = {
			isa = XCConfigurationList;
			buildConfigurations = (
				25B4BEF21DED1C2A001B70C0 /* Debug */,
				25B4BEF31DED1C2A001B70C0 /* Release */,
			);
			defaultConfigurationIsVisible = 0;
		};
		25B4BEF41DED1C2A001B70C0 /* Build configuration list for PBXNativeTarget "MJCDropdownMenuDemoTests" */ = {
			isa = XCConfigurationList;
			buildConfigurations = (
				25B4BEF51DED1C2A001B70C0 /* Debug */,
				25B4BEF61DED1C2A001B70C0 /* Release */,
			);
			defaultConfigurationIsVisible = 0;
		};
		25B4BEF71DED1C2A001B70C0 /* Build configuration list for PBXNativeTarget "MJCDropdownMenuDemoUITests" */ = {
			isa = XCConfigurationList;
			buildConfigurations = (
				25B4BEF81DED1C2A001B70C0 /* Debug */,
				25B4BEF91DED1C2A001B70C0 /* Release */,
			);
			defaultConfigurationIsVisible = 0;
		};
/* End XCConfigurationList section */
	};
	rootObject = 25B4BEBC1DED1C2A001B70C0 /* Project object */;
}
